
Microsoft Visual Studio Solution File, Format Version 12.00
# Visual Studio Version 16
VisualStudioVersion = 16.0.31025.194
MinimumVisualStudioVersion = 10.0.40219.1
Project("{9A19103F-16F7-4668-BE54-9A1E7A4F7556}") = "AntActor.Test", "AntActor.Test\AntActor.Test.csproj", "{51A1B8BB-A8AE-42D7-8506-E42FAA5460FF}"
EndProject
Project("{9A19103F-16F7-4668-BE54-9A1E7A4F7556}") = "AntActor.Core", "AntActor.Core\AntActor.Core.csproj", "{08C790B7-98E7-43E7-BFEE-0FDB4E2E70B9}"
EndProject
Project("{FAE04EC0-301F-11D3-BF4B-00C04F79EFBC}") = "AntActor.Chat.Backend", "AntActor.Chat.Backend\AntActor.Chat.Backend.csproj", "{335B783B-3ABF-43F2-8880-D88FCFD8BBD0}"
EndProject
Project("{FAE04EC0-301F-11D3-BF4B-00C04F79EFBC}") = "AntActor.ChatClient", "AntActor.ChatClient\AntActor.ChatClient.csproj", "{FACBBB73-CD1F-4268-81CB-2C906ED62D95}"
EndProject
Global
	GlobalSection(SolutionConfigurationPlatforms) = preSolution
		Debug|Any CPU = Debug|Any CPU
		Release|Any CPU = Release|Any CPU
	EndGlobalSection
	GlobalSection(ProjectConfigurationPlatforms) = postSolution
		{51A1B8BB-A8AE-42D7-8506-E42FAA5460FF}.Debug|Any CPU.ActiveCfg = Debug|Any CPU
		{51A1B8BB-A8AE-42D7-8506-E42FAA5460FF}.Debug|Any CPU.Build.0 = Debug|Any CPU
		{51A1B8BB-A8AE-42D7-8506-E42FAA5460FF}.Release|Any CPU.ActiveCfg = Release|Any CPU
		{51A1B8BB-A8AE-42D7-8506-E42FAA5460FF}.Release|Any CPU.Build.0 = Release|Any CPU
		{08C790B7-98E7-43E7-BFEE-0FDB4E2E70B9}.Debug|Any CPU.ActiveCfg = Debug|Any CPU
		{08C790B7-98E7-43E7-BFEE-0FDB4E2E70B9}.Debug|Any CPU.Build.0 = Debug|Any CPU
		{08C790B7-98E7-43E7-BFEE-0FDB4E2E70B9}.Release|Any CPU.ActiveCfg = Release|Any CPU
		{08C790B7-98E7-43E7-BFEE-0FDB4E2E70B9}.Release|Any CPU.Build.0 = Release|Any CPU
		{335B783B-3ABF-43F2-8880-D88FCFD8BBD0}.Debug|Any CPU.ActiveCfg = Debug|Any CPU
		{335B783B-3ABF-43F2-8880-D88FCFD8BBD0}.Debug|Any CPU.Build.0 = Debug|Any CPU
		{335B783B-3ABF-43F2-8880-D88FCFD8BBD0}.Release|Any CPU.ActiveCfg = Release|Any CPU
		{335B783B-3ABF-43F2-8880-D88FCFD8BBD0}.Release|Any CPU.Build.0 = Release|Any CPU
		{FACBBB73-CD1F-4268-81CB-2C906ED62D95}.Debug|Any CPU.ActiveCfg = Debug|Any CPU
		{FACBBB73-CD1F-4268-81CB-2C906ED62D95}.Debug|Any CPU.Build.0 = Debug|Any CPU
		{FACBBB73-CD1F-4268-81CB-2C906ED62D95}.Release|Any CPU.ActiveCfg = Release|Any CPU
		{FACBBB73-CD1F-4268-81CB-2C906ED62D95}.Release|Any CPU.Build.0 = Release|Any CPU
	EndGlobalSection
	GlobalSection(SolutionProperties) = preSolution
		HideSolutionNode = FALSE
	EndGlobalSection
	GlobalSection(ExtensibilityGlobals) = postSolution
		SolutionGuid = {20C3EBD1-954E-4C03-8EA7-383172E2C7FE}
	EndGlobalSection
EndGlobal
